{
  "name": "webpack-study",
  "lockfileVersion": 2,
  "requires": true,
  "packages": {
    "": {
      "dependencies": {
        "@babel/generator": "^7.14.3",
        "@babel/parser": "^7.14.3",
        "fs-extra": "^10.0.0"
      }
    },
    "node_modules/@babel/generator": {
      "version": "7.14.3",
      "resolved": "https://npm.ddxq.mobi/@babel%2fgenerator/-/generator-7.14.3.tgz",
      "integrity": "sha1-DCZS2R973at8zMa6gVfk9A3O25E=",
      "license": "MIT",
      "dependencies": {
        "@babel/types": "^7.14.2",
        "jsesc": "^2.5.1",
        "source-map": "^0.5.0"
      }
    },
    "node_modules/@babel/helper-validator-identifier": {
      "version": "7.14.0",
      "resolved": "https://npm.ddxq.mobi/@babel%2fhelper-validator-identifier/-/helper-validator-identifier-7.14.0.tgz",
      "integrity": "sha1-0mytikfGUoaxXfFUcxml0Lzycog=",
      "license": "MIT"
    },
    "node_modules/@babel/parser": {
      "version": "7.14.3",
      "resolved": "https://npm.ddxq.mobi/@babel%2fparser/-/parser-7.14.3.tgz",
      "integrity": "sha1-m1MO7LBx/QyTUZ3yXF/58UdZ8pg=",
      "license": "MIT",
      "bin": {
        "parser": "bin/babel-parser.js"
      },
      "engines": {
        "node": ">=6.0.0"
      }
    },
    "node_modules/@babel/types": {
      "version": "7.14.2",
      "resolved": "https://npm.ddxq.mobi/@babel%2ftypes/-/types-7.14.2.tgz",
      "integrity": "sha1-QgiuADEH74oFfqgzPlbrZNL2osM=",
      "license": "MIT",
      "dependencies": {
        "@babel/helper-validator-identifier": "^7.14.0",
        "to-fast-properties": "^2.0.0"
      }
    },
    "node_modules/fs-extra": {
      "version": "10.0.0",
      "resolved": "https://npm.ddxq.mobi/fs-extra/-/fs-extra-10.0.0.tgz",
      "integrity": "sha1-n/YbZV3eU/s0qC34S7IUzoAuF8E=",
      "license": "MIT",
      "dependencies": {
        "graceful-fs": "^4.2.0",
        "jsonfile": "^6.0.1",
        "universalify": "^2.0.0"
      },
      "engines": {
        "node": ">=12"
      }
    },
    "node_modules/graceful-fs": {
      "version": "4.2.6",
      "resolved": "https://npm.ddxq.mobi/graceful-fs/-/graceful-fs-4.2.6.tgz",
      "integrity": "sha1-/wQLKwhTsjw9MQJ1I3BvGIXXa+4=",
      "license": "ISC"
    },
    "node_modules/jsesc": {
      "version": "2.5.2",
      "resolved": "https://npm.ddxq.mobi/jsesc/-/jsesc-2.5.2.tgz",
      "integrity": "sha1-gFZNLkg9rPbo7yCWUKZ98/DCg6Q=",
      "license": "MIT",
      "bin": {
        "jsesc": "bin/jsesc"
      },
      "engines": {
        "node": ">=4"
      }
    },
    "node_modules/jsonfile": {
      "version": "6.1.0",
      "resolved": "https://npm.ddxq.mobi/jsonfile/-/jsonfile-6.1.0.tgz",
      "integrity": "sha1-vFWyY0eTxnnsZAMJTrE2mKbsCq4=",
      "license": "MIT",
      "dependencies": {
        "universalify": "^2.0.0"
      },
      "optionalDependencies": {
        "graceful-fs": "^4.1.6"
      }
    },
    "node_modules/source-map": {
      "version": "0.5.7",
      "resolved": "https://npm.ddxq.mobi/source-map/-/source-map-0.5.7.tgz",
      "integrity": "sha1-igOdLRAh0i0eoUyA2OpGi6LvP8w=",
      "license": "BSD-3-Clause",
      "engines": {
        "node": ">=0.10.0"
      }
    },
    "node_modules/to-fast-properties": {
      "version": "2.0.0",
      "resolved": "https://npm.ddxq.mobi/to-fast-properties/-/to-fast-properties-2.0.0.tgz",
      "integrity": "sha1-3F5pjL0HkmW8c+A3doGk5Og/YW4=",
      "license": "MIT",
      "engines": {
        "node": ">=4"
      }
    },
    "node_modules/universalify": {
      "version": "2.0.0",
      "resolved": "https://npm.ddxq.mobi/universalify/-/universalify-2.0.0.tgz",
      "integrity": "sha1-daSYTv7cSwiXXFrrc/Uw0C3yVxc=",
      "license": "MIT",
      "engines": {
        "node": ">= 10.0.0"
      }
    }
  },
  "dependencies": {
    "@babel/generator": {
      "version": "7.14.3",
      "resolved": "https://npm.ddxq.mobi/@babel%2fgenerator/-/generator-7.14.3.tgz",
      "integrity": "sha1-DCZS2R973at8zMa6gVfk9A3O25E=",
      "requires": {
        "@babel/types": "^7.14.2",
        "jsesc": "^2.5.1",
        "source-map": "^0.5.0"
      }
    },
    "@babel/helper-validator-identifier": {
      "version": "7.14.0",
      "resolved": "https://npm.ddxq.mobi/@babel%2fhelper-validator-identifier/-/helper-validator-identifier-7.14.0.tgz",
      "integrity": "sha1-0mytikfGUoaxXfFUcxml0Lzycog="
    },
    "@babel/parser": {
      "version": "7.14.3",
      "resolved": "https://npm.ddxq.mobi/@babel%2fparser/-/parser-7.14.3.tgz",
      "integrity": "sha1-m1MO7LBx/QyTUZ3yXF/58UdZ8pg="
    },
    "@babel/types": {
      "version": "7.14.2",
      "resolved": "https://npm.ddxq.mobi/@babel%2ftypes/-/types-7.14.2.tgz",
      "integrity": "sha1-QgiuADEH74oFfqgzPlbrZNL2osM=",
      "requires": {
        "@babel/helper-validator-identifier": "^7.14.0",
        "to-fast-properties": "^2.0.0"
      }
    },
    "fs-extra": {
      "version": "10.0.0",
      "resolved": "https://npm.ddxq.mobi/fs-extra/-/fs-extra-10.0.0.tgz",
      "integrity": "sha1-n/YbZV3eU/s0qC34S7IUzoAuF8E=",
      "requires": {
        "graceful-fs": "^4.2.0",
        "jsonfile": "^6.0.1",
        "universalify": "^2.0.0"
      }
    },
    "graceful-fs": {
      "version": "4.2.6",
      "resolved": "https://npm.ddxq.mobi/graceful-fs/-/graceful-fs-4.2.6.tgz",
      "integrity": "sha1-/wQLKwhTsjw9MQJ1I3BvGIXXa+4="
    },
    "jsesc": {
      "version": "2.5.2",
      "resolved": "https://npm.ddxq.mobi/jsesc/-/jsesc-2.5.2.tgz",
      "integrity": "sha1-gFZNLkg9rPbo7yCWUKZ98/DCg6Q="
    },
    "jsonfile": {
      "version": "6.1.0",
      "resolved": "https://npm.ddxq.mobi/jsonfile/-/jsonfile-6.1.0.tgz",
      "integrity": "sha1-vFWyY0eTxnnsZAMJTrE2mKbsCq4=",
      "requires": {
        "graceful-fs": "^4.1.6",
        "universalify": "^2.0.0"
      }
    },
    "source-map": {
      "version": "0.5.7",
      "resolved": "https://npm.ddxq.mobi/source-map/-/source-map-0.5.7.tgz",
      "integrity": "sha1-igOdLRAh0i0eoUyA2OpGi6LvP8w="
    },
    "to-fast-properties": {
      "version": "2.0.0",
      "resolved": "https://npm.ddxq.mobi/to-fast-properties/-/to-fast-properties-2.0.0.tgz",
      "integrity": "sha1-3F5pjL0HkmW8c+A3doGk5Og/YW4="
    },
    "universalify": {
      "version": "2.0.0",
      "resolved": "https://npm.ddxq.mobi/universalify/-/universalify-2.0.0.tgz",
      "integrity": "sha1-daSYTv7cSwiXXFrrc/Uw0C3yVxc="
    }
  }
}
